// !$*UTF8*$!
{
	archiveVersion = 1;
	classes = {
	};
	objectVersion = 77;
	objects = {

/* Begin PBXContainerItemProxy section */
		50A8E1C02E4BBA0A0011A90D /* PBXContainerItemProxy */ = {
			isa = PBXContainerItemProxy;
			containerPortal = 50A8E1A52E4BBA080011A90D /* Project object */;
			proxyType = 1;
			remoteGlobalIDString = 50A8E1AC2E4BBA080011A90D;
			remoteInfo = TalkToMe;
		};
		50A8E1CA2E4BBA0A0011A90D /* PBXContainerItemProxy */ = {
			isa = PBXContainerItemProxy;
			containerPortal = 50A8E1A52E4BBA080011A90D /* Project object */;
			proxyType = 1;
			remoteGlobalIDString = 50A8E1AC2E4BBA080011A90D;
			remoteInfo = TalkToMe;
		};
/* End PBXContainerItemProxy section */

/* Begin PBXFileReference section */
		50A8E1AD2E4BBA080011A90D /* TalkToMe.app */ = {isa = PBXFileReference; explicitFileType = wrapper.application; includeInIndex = 0; path = TalkToMe.app; sourceTree = BUILT_PRODUCTS_DIR; };
		50A8E1BF2E4BBA0A0011A90D /* TalkToMeTests.xctest */ = {isa = PBXFileReference; explicitFileType = wrapper.cfbundle; includeInIndex = 0; path = TalkToMeTests.xctest; sourceTree = BUILT_PRODUCTS_DIR; };
		50A8E1C92E4BBA0A0011A90D /* TalkToMeUITests.xctest */ = {isa = PBXFileReference; explicitFileType = wrapper.cfbundle; includeInIndex = 0; path = TalkToMeUITests.xctest; sourceTree = BUILT_PRODUCTS_DIR; };
/* End PBXFileReference section */

/* Begin PBXFileSystemSynchronizedBuildFileExceptionSet section */
		50A8E1E52E4BC70A0011A90D /* Exceptions for "TalkToMe" folder in "TalkToMe" target */ = {
			isa = PBXFileSystemSynchronizedBuildFileExceptionSet;
			membershipExceptions = (
				Info.plist,
			);
			target = 50A8E1AC2E4BBA080011A90D /* TalkToMe */;
		};
/* End PBXFileSystemSynchronizedBuildFileExceptionSet section */

/* Begin PBXFileSystemSynchronizedRootGroup section */
		50A8E1AF2E4BBA080011A90D /* TalkToMe */ = {
			isa = PBXFileSystemSynchronizedRootGroup;
			exceptions = (
				50A8E1E52E4BC70A0011A90D /* Exceptions for "TalkToMe" folder in "TalkToMe" target */,
			);
			path = TalkToMe;
			sourceTree = "<group>";
		};
		50A8E1C22E4BBA0A0011A90D /* TalkToMeTests */ = {
			isa = PBXFileSystemSynchronizedRootGroup;
			path = TalkToMeTests;
			sourceTree = "<group>";
		};
		50A8E1CC2E4BBA0A0011A90D /* TalkToMeUITests */ = {
			isa = PBXFileSystemSynchronizedRootGroup;
			path = TalkToMeUITests;
			sourceTree = "<group>";
		};
/* End PBXFileSystemSynchronizedRootGroup section */

/* Begin PBXFrameworksBuildPhase section */
		50A8E1AA2E4BBA080011A90D /* Frameworks */ = {
			isa = PBXFrameworksBuildPhase;
			buildActionMask = 2147483647;
			files = (
			);
			runOnlyForDeploymentPostprocessing = 0;
		};
		50A8E1BC2E4BBA0A0011A90D /* Frameworks */ = {
			isa = PBXFrameworksBuildPhase;
			buildActionMask = 2147483647;
			files = (
			);
			runOnlyForDeploymentPostprocessing = 0;
		};
		50A8E1C62E4BBA0A0011A90D /* Frameworks */ = {
			isa = PBXFrameworksBuildPhase;
			buildActionMask = 2147483647;
			files = (
			);
			runOnlyForDeploymentPostprocessing = 0;
		};
/* End PBXFrameworksBuildPhase section */

/* Begin PBXGroup section */
		50A8E1A42E4BBA080011A90D = {
			isa = PBXGroup;
			children = (
				50A8E1AF2E4BBA080011A90D /* TalkToMe */,
				50A8E1C22E4BBA0A0011A90D /* TalkToMeTests */,
				50A8E1CC2E4BBA0A0011A90D /* TalkToMeUITests */,
				50A8E1AE2E4BBA080011A90D /* Products */,
			);
			sourceTree = "<group>";
		};
		50A8E1AE2E4BBA080011A90D /* Products */ = {
			isa = PBXGroup;
			children = (
				50A8E1AD2E4BBA080011A90D /* TalkToMe.app */,
				50A8E1BF2E4BBA0A0011A90D /* TalkToMeTests.xctest */,
				50A8E1C92E4BBA0A0011A90D /* TalkToMeUITests.xctest */,
			);
			name = Products;
			sourceTree = "<group>";
		};
/* End PBXGroup section */

/* Begin PBXNativeTarget section */
		50A8E1AC2E4BBA080011A90D /* TalkToMe */ = {
			isa = PBXNativeTarget;
			buildConfigurationList = 50A8E1D32E4BBA0A0011A90D /* Build configuration list for PBXNativeTarget "TalkToMe" */;
			buildPhases = (
				50A8E1A92E4BBA080011A90D /* Sources */,
				50A8E1AA2E4BBA080011A90D /* Frameworks */,
				50A8E1AB2E4BBA080011A90D /* Resources */,
			);
			buildRules = (
			);
			dependencies = (
			);
			fileSystemSynchronizedGroups = (
				50A8E1AF2E4BBA080011A90D /* TalkToMe */,
			);
			name = TalkToMe;
			packageProductDependencies = (
			);
			productName = TalkToMe;
			productReference = 50A8E1AD2E4BBA080011A90D /* TalkToMe.app */;
			productType = "com.apple.product-type.application";
		};
		50A8E1BE2E4BBA0A0011A90D /* TalkToMeTests */ = {
			isa = PBXNativeTarget;
			buildConfigurationList = 50A8E1D62E4BBA0A0011A90D /* Build configuration list for PBXNativeTarget "TalkToMeTests" */;
			buildPhases = (
				50A8E1BB2E4BBA0A0011A90D /* Sources */,
				50A8E1BC2E4BBA0A0011A90D /* Frameworks */,
				50A8E1BD2E4BBA0A0011A90D /* Resources */,
			);
			buildRules = (
			);
			dependencies = (
				50A8E1C12E4BBA0A0011A90D /* PBXTargetDependency */,
			);
			fileSystemSynchronizedGroups = (
				50A8E1C22E4BBA0A0011A90D /* TalkToMeTests */,
			);
			name = TalkToMeTests;
			packageProductDependencies = (
			);
			productName = TalkToMeTests;
			productReference = 50A8E1BF2E4BBA0A0011A90D /* TalkToMeTests.xctest */;
			productType = "com.apple.product-type.bundle.unit-test";
		};
		50A8E1C82E4BBA0A0011A90D /* TalkToMeUITests */ = {
			isa = PBXNativeTarget;
			buildConfigurationList = 50A8E1D92E4BBA0A0011A90D /* Build configuration list for PBXNativeTarget "TalkToMeUITests" */;
			buildPhases = (
				50A8E1C52E4BBA0A0011A90D /* Sources */,
				50A8E1C62E4BBA0A0011A90D /* Frameworks */,
				50A8E1C72E4BBA0A0011A90D /* Resources */,
			);
			buildRules = (
			);
			dependencies = (
				50A8E1CB2E4BBA0A0011A90D /* PBXTargetDependency */,
			);
			fileSystemSynchronizedGroups = (
				50A8E1CC2E4BBA0A0011A90D /* TalkToMeUITests */,
			);
			name = TalkToMeUITests;
			packageProductDependencies = (
			);
			productName = TalkToMeUITests;
			productReference = 50A8E1C92E4BBA0A0011A90D /* TalkToMeUITests.xctest */;
			productType = "com.apple.product-type.bundle.ui-testing";
		};
/* End PBXNativeTarget section */

/* Begin PBXProject section */
		50A8E1A52E4BBA080011A90D /* Project object */ = {
			isa = PBXProject;
			attributes = {
				BuildIndependentTargetsInParallel = 1;
				LastSwiftUpdateCheck = 1620;
				LastUpgradeCheck = 1620;
				TargetAttributes = {
					50A8E1AC2E4BBA080011A90D = {
						CreatedOnToolsVersion = 16.2;
					};
					50A8E1BE2E4BBA0A0011A90D = {
						CreatedOnToolsVersion = 16.2;
						TestTargetID = 50A8E1AC2E4BBA080011A90D;
					};
					50A8E1C82E4BBA0A0011A90D = {
						CreatedOnToolsVersion = 16.2;
						TestTargetID = 50A8E1AC2E4BBA080011A90D;
					};
				};
			};
			buildConfigurationList = 50A8E1A82E4BBA080011A90D /* Build configuration list for PBXProject "TalkToMe" */;
			developmentRegion = en;
			hasScannedForEncodings = 0;
			knownRegions = (
				en,
				Base,
			);
			mainGroup = 50A8E1A42E4BBA080011A90D;
			minimizedProjectReferenceProxies = 1;
			preferredProjectObjectVersion = 77;
			productRefGroup = 50A8E1AE2E4BBA080011A90D /* Products */;
			projectDirPath = "";
			projectRoot = "";
			targets = (
				50A8E1AC2E4BBA080011A90D /* TalkToMe */,
				50A8E1BE2E4BBA0A0011A90D /* TalkToMeTests */,
				50A8E1C82E4BBA0A0011A90D /* TalkToMeUITests */,
			);
		};
/* End PBXProject section */

/* Begin PBXResourcesBuildPhase section */
		50A8E1AB2E4BBA080011A90D /* Resources */ = {
			isa = PBXResourcesBuildPhase;
			buildActionMask = 2147483647;
			files = (
			);
			runOnlyForDeploymentPostprocessing = 0;
		};
		50A8E1BD2E4BBA0A0011A90D /* Resources */ = {
			isa = PBXResourcesBuildPhase;
			buildActionMask = 2147483647;
			files = (
			);
			runOnlyForDeploymentPostprocessing = 0;
		};
		50A8E1C72E4BBA0A0011A90D /* Resources */ = {
			isa = PBXResourcesBuildPhase;
			buildActionMask = 2147483647;
			files = (
			);
			runOnlyForDeploymentPostprocessing = 0;
		};
/* End PBXResourcesBuildPhase section */

/* Begin PBXSourcesBuildPhase section */
		50A8E1A92E4BBA080011A90D /* Sources */ = {
			isa = PBXSourcesBuildPhase;
			buildActionMask = 2147483647;
			files = (
			);
			runOnlyForDeploymentPostprocessing = 0;
		};
		50A8E1BB2E4BBA0A0011A90D /* Sources */ = {
			isa = PBXSourcesBuildPhase;
			buildActionMask = 2147483647;
			files = (
			);
			runOnlyForDeploymentPostprocessing = 0;
		};
		50A8E1C52E4BBA0A0011A90D /* Sources */ = {
			isa = PBXSourcesBuildPhase;
			buildActionMask = 2147483647;
			files = (
			);
			runOnlyForDeploymentPostprocessing = 0;
		};
/* End PBXSourcesBuildPhase section */

/* Begin PBXTargetDependency section */
		50A8E1C12E4BBA0A0011A90D /* PBXTargetDependency */ = {
			isa = PBXTargetDependency;
			target = 50A8E1AC2E4BBA080011A90D /* TalkToMe */;
			targetProxy = 50A8E1C02E4BBA0A0011A90D /* PBXContainerItemProxy */;
		};
		50A8E1CB2E4BBA0A0011A90D /* PBXTargetDependency */ = {
			isa = PBXTargetDependency;
			target = 50A8E1AC2E4BBA080011A90D /* TalkToMe */;
			targetProxy = 50A8E1CA2E4BBA0A0011A90D /* PBXContainerItemProxy */;
		};
/* End PBXTargetDependency section */

/* Begin XCBuildConfiguration section */
		50A8E1D12E4BBA0A0011A90D /* Debug */ = {
			isa = XCBuildConfiguration;
			buildSettings = {
				ALWAYS_SEARCH_USER_PATHS = NO;
				ASSETCATALOG_COMPILER_GENERATE_SWIFT_ASSET_SYMBOL_EXTENSIONS = YES;
				CLANG_ANALYZER_NONNULL = YES;
				CLANG_ANALYZER_NUMBER_OBJECT_CONVERSION = YES_AGGRESSIVE;
				CLANG_CXX_LANGUAGE_STANDARD = "gnu++20";
				CLANG_ENABLE_MODULES = YES;
				CLANG_ENABLE_OBJC_ARC = YES;
				CLANG_ENABLE_OBJC_WEAK = YES;
				CLANG_WARN_BLOCK_CAPTURE_AUTORELEASING = YES;
				CLANG_WARN_BOOL_CONVERSION = YES;
				CLANG_WARN_COMMA = YES;
				CLANG_WARN_CONSTANT_CONVERSION = YES;
				CLANG_WARN_DEPRECATED_OBJC_IMPLEMENTATIONS = YES;
				CLANG_WARN_DIRECT_OBJC_ISA_USAGE = YES_ERROR;
				CLANG_WARN_DOCUMENTATION_COMMENTS = YES;
				CLANG_WARN_EMPTY_BODY = YES;
				CLANG_WARN_ENUM_CONVERSION = YES;
				CLANG_WARN_INFINITE_RECURSION = YES;
				CLANG_WARN_INT_CONVERSION = YES;
				CLANG_WARN_NON_LITERAL_NULL_CONVERSION = YES;
				CLANG_WARN_OBJC_IMPLICIT_RETAIN_SELF = YES;
				CLANG_WARN_OBJC_LITERAL_CONVERSION = YES;
				CLANG_WARN_OBJC_ROOT_CLASS = YES_ERROR;
				CLANG_WARN_QUOTED_INCLUDE_IN_FRAMEWORK_HEADER = YES;
				CLANG_WARN_RANGE_LOOP_ANALYSIS = YES;
				CLANG_WARN_STRICT_PROTOTYPES = YES;
				CLANG_WARN_SUSPICIOUS_MOVE = YES;
				CLANG_WARN_UNGUARDED_AVAILABILITY = YES_AGGRESSIVE;
				CLANG_WARN_UNREACHABLE_CODE = YES;
				CLANG_WARN__DUPLICATE_METHOD_MATCH = YES;
				COPY_PHASE_STRIP = NO;
				DEBUG_INFORMATION_FORMAT = dwarf;
				ENABLE_STRICT_OBJC_MSGSEND = YES;
				ENABLE_TESTABILITY = YES;
				ENABLE_USER_SCRIPT_SANDBOXING = YES;
				GCC_C_LANGUAGE_STANDARD = gnu17;
				GCC_DYNAMIC_NO_PIC = NO;
				GCC_NO_COMMON_BLOCKS = YES;
				GCC_OPTIMIZATION_LEVEL = 0;
				GCC_PREPROCESSOR_DEFINITIONS = (
					"DEBUG=1",
					"$(inherited)",
				);
				GCC_WARN_64_TO_32_BIT_CONVERSION = YES;
				GCC_WARN_ABOUT_RETURN_TYPE = YES_ERROR;
				GCC_WARN_UNDECLARED_SELECTOR = YES;
				GCC_WARN_UNINITIALIZED_AUTOS = YES_AGGRESSIVE;
				GCC_WARN_UNUSED_FUNCTION = YES;
				GCC_WARN_UNUSED_VARIABLE = YES;
				IPHONEOS_DEPLOYMENT_TARGET = 18.2;
				LOCALIZATION_PREFERS_STRING_CATALOGS = YES;
				MTL_ENABLE_DEBUG_INFO = INCLUDE_SOURCE;
				MTL_FAST_MATH = YES;
				ONLY_ACTIVE_ARCH = YES;
				SDKROOT = iphoneos;
				SWIFT_ACTIVE_COMPILATION_CONDITIONS = "DEBUG $(inherited)";
				SWIFT_OPTIMIZATION_LEVEL = "-Onone";
			};
			name = Debug;
		};
		50A8E1D22E4BBA0A0011A90D /* Release */ = {
			isa = XCBuildConfiguration;
			buildSettings = {
				ALWAYS_SEARCH_USER_PATHS = NO;
				ASSETCATALOG_COMPILER_GENERATE_SWIFT_ASSET_SYMBOL_EXTENSIONS = YES;
				CLANG_ANALYZER_NONNULL = YES;
				CLANG_ANALYZER_NUMBER_OBJECT_CONVERSION = YES_AGGRESSIVE;
				CLANG_CXX_LANGUAGE_STANDARD = "gnu++20";
				CLANG_ENABLE_MODULES = YES;
				CLANG_ENABLE_OBJC_ARC = YES;
				CLANG_ENABLE_OBJC_WEAK = YES;
				CLANG_WARN_BLOCK_CAPTURE_AUTORELEASING = YES;
				CLANG_WARN_BOOL_CONVERSION = YES;
				CLANG_WARN_COMMA = YES;
				CLANG_WARN_CONSTANT_CONVERSION = YES;
				CLANG_WARN_DEPRECATED_OBJC_IMPLEMENTATIONS = YES;
				CLANG_WARN_DIRECT_OBJC_ISA_USAGE = YES_ERROR;
				CLANG_WARN_DOCUMENTATION_COMMENTS = YES;
				CLANG_WARN_EMPTY_BODY = YES;
				CLANG_WARN_ENUM_CONVERSION = YES;
				CLANG_WARN_INFINITE_RECURSION = YES;
				CLANG_WARN_INT_CONVERSION = YES;
				CLANG_WARN_NON_LITERAL_NULL_CONVERSION = YES;
				CLANG_WARN_OBJC_IMPLICIT_RETAIN_SELF = YES;
				CLANG_WARN_OBJC_LITERAL_CONVERSION = YES;
				CLANG_WARN_OBJC_ROOT_CLASS = YES_ERROR;
				CLANG_WARN_QUOTED_INCLUDE_IN_FRAMEWORK_HEADER = YES;
				CLANG_WARN_RANGE_LOOP_ANALYSIS = YES;
				CLANG_WARN_STRICT_PROTOTYPES = YES;
				CLANG_WARN_SUSPICIOUS_MOVE = YES;
				CLANG_WARN_UNGUARDED_AVAILABILITY = YES_AGGRESSIVE;
				CLANG_WARN_UNREACHABLE_CODE = YES;
				CLANG_WARN__DUPLICATE_METHOD_MATCH = YES;
				COPY_PHASE_STRIP = NO;
				DEBUG_INFORMATION_FORMAT = "dwarf-with-dsym";
				ENABLE_NS_ASSERTIONS = NO;
				ENABLE_STRICT_OBJC_MSGSEND = YES;
				ENABLE_USER_SCRIPT_SANDBOXING = YES;
				GCC_C_LANGUAGE_STANDARD = gnu17;
				GCC_NO_COMMON_BLOCKS = YES;
				GCC_WARN_64_TO_32_BIT_CONVERSION = YES;
				GCC_WARN_ABOUT_RETURN_TYPE = YES_ERROR;
				GCC_WARN_UNDECLARED_SELECTOR = YES;
				GCC_WARN_UNINITIALIZED_AUTOS = YES_AGGRESSIVE;
				GCC_WARN_UNUSED_FUNCTION = YES;
				GCC_WARN_UNUSED_VARIABLE = YES;
				IPHONEOS_DEPLOYMENT_TARGET = 18.2;
				LOCALIZATION_PREFERS_STRING_CATALOGS = YES;
				MTL_ENABLE_DEBUG_INFO = NO;
				MTL_FAST_MATH = YES;
				SDKROOT = iphoneos;
				SWIFT_COMPILATION_MODE = wholemodule;
				VALIDATE_PRODUCT = YES;
			};
			name = Release;
		};
		50A8E1D42E4BBA0A0011A90D /* Debug */ = {
			isa = XCBuildConfiguration;
			buildSettings = {
				ASSETCATALOG_COMPILER_APPICON_NAME = AppIcon;
				ASSETCATALOG_COMPILER_GLOBAL_ACCENT_COLOR_NAME = AccentColor;
				CODE_SIGN_STYLE = Automatic;
				CURRENT_PROJECT_VERSION = 1;
				DEVELOPMENT_ASSET_PATHS = "\"TalkToMe/Preview Content\"";
				DEVELOPMENT_TEAM = ZTDQU8C9BA;
				ENABLE_PREVIEWS = YES;
				GENERATE_INFOPLIST_FILE = YES;
				INFOPLIST_FILE = TalkToMe/Info.plist;
				INFOPLIST_KEY_NSMicrophoneUsageDescription = "We need the microphone so you can talk to your AI friend.";
				INFOPLIST_KEY_NSSpeechRecognitionUsageDescription = "We need speech recognition so we can turn your voice into text.";
				INFOPLIST_KEY_UIApplicationSceneManifest_Generation = YES;
				INFOPLIST_KEY_UIApplicationSupportsIndirectInputEvents = YES;
				INFOPLIST_KEY_UILaunchScreen_Generation = YES;
				INFOPLIST_KEY_UISupportedInterfaceOrientations_iPad = "UIInterfaceOrientationPortrait UIInterfaceOrientationPortraitUpsideDown UIInterfaceOrientationLandscapeLeft UIInterfaceOrientationLandscapeRight";
				INFOPLIST_KEY_UISupportedInterfaceOrientations_iPhone = "UIInterfaceOrientationPortrait UIInterfaceOrientationLandscapeLeft UIInterfaceOrientationLandscapeRight";
				LD_RUNPATH_SEARCH_PATHS = (
					"$(inherited)",
					"@executable_path/Frameworks",
				);
				MARKETING_VERSION = 1.0;
				PRODUCT_BUNDLE_IDENTIFIER = com.Dhruv.TalkToMe;
				PRODUCT_NAME = "$(TARGET_NAME)";
				SWIFT_EMIT_LOC_STRINGS = YES;
				SWIFT_VERSION = 5.0;
				TARGETED_DEVICE_FAMILY = "1,2";
			};
			name = Debug;
		};
		50A8E1D52E4BBA0A0011A90D /* Release */ = {
			isa = XCBuildConfiguration;
			buildSettings = {
				ASSETCATALOG_COMPILER_APPICON_NAME = AppIcon;
				ASSETCATALOG_COMPILER_GLOBAL_ACCENT_COLOR_NAME = AccentColor;
				CODE_SIGN_STYLE = Automatic;
				CURRENT_PROJECT_VERSION = 1;
				DEVELOPMENT_ASSET_PATHS = "\"TalkToMe/Preview Content\"";
				DEVELOPMENT_TEAM = ZTDQU8C9BA;
				ENABLE_PREVIEWS = YES;
				GENERATE_INFOPLIST_FILE = YES;
				INFOPLIST_FILE = TalkToMe/Info.plist;
				INFOPLIST_KEY_NSMicrophoneUsageDescription = "We need the microphone so you can talk to your AI friend.";
				INFOPLIST_KEY_NSSpeechRecognitionUsageDescription = "We need speech recognition so we can turn your voice into text.";
				INFOPLIST_KEY_UIApplicationSceneManifest_Generation = YES;
				INFOPLIST_KEY_UIApplicationSupportsIndirectInputEvents = YES;
				INFOPLIST_KEY_UILaunchScreen_Generation = YES;
				INFOPLIST_KEY_UISupportedInterfaceOrientations_iPad = "UIInterfaceOrientationPortrait UIInterfaceOrientationPortraitUpsideDown UIInterfaceOrientationLandscapeLeft UIInterfaceOrientationLandscapeRight";
				INFOPLIST_KEY_UISupportedInterfaceOrientations_iPhone = "UIInterfaceOrientationPortrait UIInterfaceOrientationLandscapeLeft UIInterfaceOrientationLandscapeRight";
				LD_RUNPATH_SEARCH_PATHS = (
					"$(inherited)",
					"@executable_path/Frameworks",
				);
				MARKETING_VERSION = 1.0;
				PRODUCT_BUNDLE_IDENTIFIER = com.Dhruv.TalkToMe;
				PRODUCT_NAME = "$(TARGET_NAME)";
				SWIFT_EMIT_LOC_STRINGS = YES;
				SWIFT_VERSION = 5.0;
				TARGETED_DEVICE_FAMILY = "1,2";
			};
			name = Release;
		};
		50A8E1D72E4BBA0A0011A90D /* Debug */ = {
			isa = XCBuildConfiguration;
			buildSettings = {
				BUNDLE_LOADER = "$(TEST_HOST)";
				CODE_SIGN_STYLE = Automatic;
				CURRENT_PROJECT_VERSION = 1;
				GENERATE_INFOPLIST_FILE = YES;
				IPHONEOS_DEPLOYMENT_TARGET = 18.2;
				MARKETING_VERSION = 1.0;
				PRODUCT_BUNDLE_IDENTIFIER = com.Dhruv.TalkToMeTests;
				PRODUCT_NAME = "$(TARGET_NAME)";
				SWIFT_EMIT_LOC_STRINGS = NO;
				SWIFT_VERSION = 5.0;
				TARGETED_DEVICE_FAMILY = "1,2";
				TEST_HOST = "$(BUILT_PRODUCTS_DIR)/TalkToMe.app/$(BUNDLE_EXECUTABLE_FOLDER_PATH)/TalkToMe";
			};
			name = Debug;
		};
		50A8E1D82E4BBA0A0011A90D /* Release */ = {
			isa = XCBuildConfiguration;
			buildSettings = {
				BUNDLE_LOADER = "$(TEST_HOST)";
				CODE_SIGN_STYLE = Automatic;
				CURRENT_PROJECT_VERSION = 1;
				GENERATE_INFOPLIST_FILE = YES;
				IPHONEOS_DEPLOYMENT_TARGET = 18.2;
				MARKETING_VERSION = 1.0;
				PRODUCT_BUNDLE_IDENTIFIER = com.Dhruv.TalkToMeTests;
				PRODUCT_NAME = "$(TARGET_NAME)";
				SWIFT_EMIT_LOC_STRINGS = NO;
				SWIFT_VERSION = 5.0;
				TARGETED_DEVICE_FAMILY = "1,2";
				TEST_HOST = "$(BUILT_PRODUCTS_DIR)/TalkToMe.app/$(BUNDLE_EXECUTABLE_FOLDER_PATH)/TalkToMe";
			};
			name = Release;
		};
		50A8E1DA2E4BBA0A0011A90D /* Debug */ = {
			isa = XCBuildConfiguration;
			buildSettings = {
				CODE_SIGN_STYLE = Automatic;
				CURRENT_PROJECT_VERSION = 1;
				GENERATE_INFOPLIST_FILE = YES;
				MARKETING_VERSION = 1.0;
				PRODUCT_BUNDLE_IDENTIFIER = com.Dhruv.TalkToMeUITests;
				PRODUCT_NAME = "$(TARGET_NAME)";
				SWIFT_EMIT_LOC_STRINGS = NO;
				SWIFT_VERSION = 5.0;
				TARGETED_DEVICE_FAMILY = "1,2";
				TEST_TARGET_NAME = TalkToMe;
			};
			name = Debug;
		};
		50A8E1DB2E4BBA0A0011A90D /* Release */ = {
			isa = XCBuildConfiguration;
			buildSettings = {
				CODE_SIGN_STYLE = Automatic;
				CURRENT_PROJECT_VERSION = 1;
				GENERATE_INFOPLIST_FILE = YES;
				MARKETING_VERSION = 1.0;
				PRODUCT_BUNDLE_IDENTIFIER = com.Dhruv.TalkToMeUITests;
				PRODUCT_NAME = "$(TARGET_NAME)";
				SWIFT_EMIT_LOC_STRINGS = NO;
				SWIFT_VERSION = 5.0;
				TARGETED_DEVICE_FAMILY = "1,2";
				TEST_TARGET_NAME = TalkToMe;
			};
			name = Release;
		};
/* End XCBuildConfiguration section */

/* Begin XCConfigurationList section */
		50A8E1A82E4BBA080011A90D /* Build configuration list for PBXProject "TalkToMe" */ = {
			isa = XCConfigurationList;
			buildConfigurations = (
				50A8E1D12E4BBA0A0011A90D /* Debug */,
				50A8E1D22E4BBA0A0011A90D /* Release */,
			);
			defaultConfigurationIsVisible = 0;
			defaultConfigurationName = Release;
		};
		50A8E1D32E4BBA0A0011A90D /* Build configuration list for PBXNativeTarget "TalkToMe" */ = {
			isa = XCConfigurationList;
			buildConfigurations = (
				50A8E1D42E4BBA0A0011A90D /* Debug */,
				50A8E1D52E4BBA0A0011A90D /* Release */,
			);
			defaultConfigurationIsVisible = 0;
			defaultConfigurationName = Release;
		};
		50A8E1D62E4BBA0A0011A90D /* Build configuration list for PBXNativeTarget "TalkToMeTests" */ = {
			isa = XCConfigurationList;
			buildConfigurations = (
				50A8E1D72E4BBA0A0011A90D /* Debug */,
				50A8E1D82E4BBA0A0011A90D /* Release */,
			);
			defaultConfigurationIsVisible = 0;
			defaultConfigurationName = Release;
		};
		50A8E1D92E4BBA0A0011A90D /* Build configuration list for PBXNativeTarget "TalkToMeUITests" */ = {
			isa = XCConfigurationList;
			buildConfigurations = (
				50A8E1DA2E4BBA0A0011A90D /* Debug */,
				50A8E1DB2E4BBA0A0011A90D /* Release */,
			);
			defaultConfigurationIsVisible = 0;
			defaultConfigurationName = Release;
		};
/* End XCConfigurationList section */
	};
	rootObject = 50A8E1A52E4BBA080011A90D /* Project object */;
}
